{
    "version": 3,
    "terraform_version": "0.11.11",
    "serial": 12,
    "lineage": "0a4e7e70-a2a4-1b3a-afe0-c740a0d04858",
    "modules": [
        {
            "path": [
                "root"
            ],
            "outputs": {},
            "resources": {
                "aws_instance.example": {
                    "type": "aws_instance",
                    "depends_on": [
                        "aws_key_pair.mykey"
                    ],
                    "primary": {
                        "id": "i-00b3e7d02f9e20490",
                        "attributes": {
                            "ami": "ami-844e0bf7",
                            "arn": "arn:aws:ec2:eu-west-1:910739726068:instance/i-00b3e7d02f9e20490",
                            "associate_public_ip_address": "true",
                            "availability_zone": "eu-west-1b",
                            "cpu_core_count": "1",
                            "cpu_threads_per_core": "1",
                            "credit_specification.#": "1",
                            "credit_specification.0.cpu_credits": "standard",
                            "disable_api_termination": "false",
                            "ebs_block_device.#": "0",
                            "ebs_optimized": "false",
                            "ephemeral_block_device.#": "0",
                            "get_password_data": "false",
                            "iam_instance_profile": "",
                            "id": "i-00b3e7d02f9e20490",
                            "instance_state": "running",
                            "instance_type": "t2.micro",
                            "ipv6_addresses.#": "0",
                            "key_name": "mykey",
                            "monitoring": "false",
                            "network_interface.#": "0",
                            "network_interface_id": "eni-0b8938bb5c65919d0",
                            "password_data": "",
                            "placement_group": "",
                            "primary_network_interface_id": "eni-0b8938bb5c65919d0",
                            "private_dns": "ip-172-31-25-136.eu-west-1.compute.internal",
                            "private_ip": "172.31.25.136",
                            "public_dns": "ec2-63-32-104-21.eu-west-1.compute.amazonaws.com",
                            "public_ip": "63.32.104.21",
                            "root_block_device.#": "1",
                            "root_block_device.0.delete_on_termination": "true",
                            "root_block_device.0.iops": "100",
                            "root_block_device.0.volume_id": "vol-0a5e5828b632f5008",
                            "root_block_device.0.volume_size": "8",
                            "root_block_device.0.volume_type": "gp2",
                            "security_groups.#": "1",
                            "security_groups.3814588639": "default",
                            "source_dest_check": "true",
                            "subnet_id": "subnet-e60275ae",
                            "tags.%": "0",
                            "tenancy": "default",
                            "volume_tags.%": "0",
                            "vpc_security_group_ids.#": "1",
                            "vpc_security_group_ids.2521137034": "sg-f4e69885"
                        },
                        "meta": {
                            "e2bfb730-ecaa-11e6-8f88-34363bc7c4c0": {
                                "create": 600000000000,
                                "delete": 1200000000000,
                                "update": 600000000000
                            },
                            "schema_version": "1"
                        },
                        "tainted": true
                    },
                    "deposed": [],
                    "provider": "provider.aws"
                },
                "aws_key_pair.mykey": {
                    "type": "aws_key_pair",
                    "depends_on": [],
                    "primary": {
                        "id": "mykey",
                        "attributes": {
                            "fingerprint": "b0:fc:0a:cd:bd:b4:a1:b9:01:9b:7a:b5:78:7e:ec:4c",
                            "id": "mykey",
                            "key_name": "mykey",
                            "public_key": "ssh-rsa AAAAB3NzaC1yc2EAAAADAQABAAABAQC/i4lIwpptHbiQCAs+/B0fuNGW5mSNOQ1AiFI9ZPxZvn+Zf0X8NUTMZOBu8rUuQoLd9p2IBOll2kgGdU+ZD0bXjv2zbihZcroCSVE38pdA7YXwyGmCxjBjp8xyJykmS9iWhUjaVuarjjVR1JaLLP3NEsefj3ta4Z1Hl4EZeOpRIrvbvztKQ8wePvufFq+eI0xxx/C5lnSbGe7aCIyo1jKMfjvKYYW1zIDyA0+TsDeTAiAjbK4Wo1gKjP2yi+0tk87hRqZlLkZw6tGqAjXC2kP/pc3ChLOTa8I22RjxgNEIz2NP++Qk72uaEnVo6FGXbpmvbca+LrV7Pp49X8vKTqE7 thanh@thanh-VirtualBox"
                        },
                        "meta": {
                            "schema_version": "1"
                        },
                        "tainted": false
                    },
                    "deposed": [],
                    "provider": "provider.aws"
                }
            },
            "depends_on": []
        }
    ]
}
